
Microsoft Visual Studio Solution File, Format Version 12.00
# Visual Studio Version 18
VisualStudioVersion = 18.3.11505.172
MinimumVisualStudioVersion = 10.0.40219.1
Project("{FAE04EC0-301F-11D3-BF4B-00C04F79EFBC}") = "UserRoles", "UserRoles\UserRoles.csproj", "{49161C1E-3C58-4E91-B1AC-358415770861}"
EndProject
Project("{FAE04EC0-301F-11D3-BF4B-00C04F79EFBC}") = "WebAPI", "WebAPI\WebAPI.csproj", "{8D6B33C5-CEE1-20B5-A207-99CBB61F699C}"
EndProject
Project("{FAE04EC0-301F-11D3-BF4B-00C04F79EFBC}") = "CoreWebAPI", "CoreWebAPI\CoreWebAPI.csproj", "{EDF9FD4C-9357-453E-AE0C-35A43B9BEFB9}"
EndProject
Project("{54A90642-561A-4BB1-A94E-469ADEE60C69}") = "angularcore.client", "AngularCore\angularcore.client\angularcore.client.esproj", "{4EDD2F7A-C896-9A2B-DFC6-62348FB93759}"
EndProject
Project("{FAE04EC0-301F-11D3-BF4B-00C04F79EFBC}") = "AngularCore.Server", "AngularCore\AngularCore.Server\AngularCore.Server.csproj", "{C19B7CAB-34E3-420E-A3BB-6FD5FC654D43}"
EndProject
Project("{54A90642-561A-4BB1-A94E-469ADEE60C69}") = "reactcore.client", "ReactCore\reactcore.client\reactcore.client.esproj", "{99965F7D-AC3E-1C42-A6EC-A5233F2A29C6}"
EndProject
Project("{FAE04EC0-301F-11D3-BF4B-00C04F79EFBC}") = "ReactCore.Server", "ReactCore\ReactCore.Server\ReactCore.Server.csproj", "{1DBB725D-4041-4160-823D-15B3B0B54520}"
EndProject
Project("{FAE04EC0-301F-11D3-BF4B-00C04F79EFBC}") = "CoreMVC.Web", "CoreMVC.Web\CoreMVC.Web.csproj", "{4BFA616D-C5F4-0823-1ECC-631C42F43B1F}"
EndProject
Project("{FAE04EC0-301F-11D3-BF4B-00C04F79EFBC}") = "CoreMVC.Domain", "CoreMVC.Domain\CoreMVC.Domain.csproj", "{069A52C7-0E93-4074-9070-55C7B0BC3E6E}"
EndProject
Project("{FAE04EC0-301F-11D3-BF4B-00C04F79EFBC}") = "CoreMVC.Application", "CoreMVC.Application\CoreMVC.Application.csproj", "{F3FFF8E8-D8EA-4FA7-B70F-05C26A2DE9DC}"
EndProject
Project("{FAE04EC0-301F-11D3-BF4B-00C04F79EFBC}") = "CoreMVC.Infrastructure", "CoreMVC.Infrastructure\CoreMVC.Infrastructure.csproj", "{C79CB988-F8F8-4F23-93A7-C8AC5CA01CCE}"
EndProject
Global
	GlobalSection(SolutionConfigurationPlatforms) = preSolution
		Debug|Any CPU = Debug|Any CPU
		Debug|x64 = Debug|x64
		Debug|x86 = Debug|x86
		Release|Any CPU = Release|Any CPU
		Release|x64 = Release|x64
		Release|x86 = Release|x86
	EndGlobalSection
	GlobalSection(ProjectConfigurationPlatforms) = postSolution
		{49161C1E-3C58-4E91-B1AC-358415770861}.Debug|Any CPU.ActiveCfg = Debug|Any CPU
		{49161C1E-3C58-4E91-B1AC-358415770861}.Debug|Any CPU.Build.0 = Debug|Any CPU
		{49161C1E-3C58-4E91-B1AC-358415770861}.Debug|x64.ActiveCfg = Debug|Any CPU
		{49161C1E-3C58-4E91-B1AC-358415770861}.Debug|x64.Build.0 = Debug|Any CPU
		{49161C1E-3C58-4E91-B1AC-358415770861}.Debug|x86.ActiveCfg = Debug|Any CPU
		{49161C1E-3C58-4E91-B1AC-358415770861}.Debug|x86.Build.0 = Debug|Any CPU
		{49161C1E-3C58-4E91-B1AC-358415770861}.Release|Any CPU.ActiveCfg = Release|Any CPU
		{49161C1E-3C58-4E91-B1AC-358415770861}.Release|Any CPU.Build.0 = Release|Any CPU
		{49161C1E-3C58-4E91-B1AC-358415770861}.Release|x64.ActiveCfg = Release|Any CPU
		{49161C1E-3C58-4E91-B1AC-358415770861}.Release|x64.Build.0 = Release|Any CPU
		{49161C1E-3C58-4E91-B1AC-358415770861}.Release|x86.ActiveCfg = Release|Any CPU
		{49161C1E-3C58-4E91-B1AC-358415770861}.Release|x86.Build.0 = Release|Any CPU
		{8D6B33C5-CEE1-20B5-A207-99CBB61F699C}.Debug|Any CPU.ActiveCfg = Debug|Any CPU
		{8D6B33C5-CEE1-20B5-A207-99CBB61F699C}.Debug|Any CPU.Build.0 = Debug|Any CPU
		{8D6B33C5-CEE1-20B5-A207-99CBB61F699C}.Debug|x64.ActiveCfg = Debug|Any CPU
		{8D6B33C5-CEE1-20B5-A207-99CBB61F699C}.Debug|x64.Build.0 = Debug|Any CPU
		{8D6B33C5-CEE1-20B5-A207-99CBB61F699C}.Debug|x86.ActiveCfg = Debug|Any CPU
		{8D6B33C5-CEE1-20B5-A207-99CBB61F699C}.Debug|x86.Build.0 = Debug|Any CPU
		{8D6B33C5-CEE1-20B5-A207-99CBB61F699C}.Release|Any CPU.ActiveCfg = Release|Any CPU
		{8D6B33C5-CEE1-20B5-A207-99CBB61F699C}.Release|Any CPU.Build.0 = Release|Any CPU
		{8D6B33C5-CEE1-20B5-A207-99CBB61F699C}.Release|x64.ActiveCfg = Release|Any CPU
		{8D6B33C5-CEE1-20B5-A207-99CBB61F699C}.Release|x64.Build.0 = Release|Any CPU
		{8D6B33C5-CEE1-20B5-A207-99CBB61F699C}.Release|x86.ActiveCfg = Release|Any CPU
		{8D6B33C5-CEE1-20B5-A207-99CBB61F699C}.Release|x86.Build.0 = Release|Any CPU
		{EDF9FD4C-9357-453E-AE0C-35A43B9BEFB9}.Debug|Any CPU.ActiveCfg = Debug|Any CPU
		{EDF9FD4C-9357-453E-AE0C-35A43B9BEFB9}.Debug|Any CPU.Build.0 = Debug|Any CPU
		{EDF9FD4C-9357-453E-AE0C-35A43B9BEFB9}.Debug|x64.ActiveCfg = Debug|Any CPU
		{EDF9FD4C-9357-453E-AE0C-35A43B9BEFB9}.Debug|x64.Build.0 = Debug|Any CPU
		{EDF9FD4C-9357-453E-AE0C-35A43B9BEFB9}.Debug|x86.ActiveCfg = Debug|Any CPU
		{EDF9FD4C-9357-453E-AE0C-35A43B9BEFB9}.Debug|x86.Build.0 = Debug|Any CPU
		{EDF9FD4C-9357-453E-AE0C-35A43B9BEFB9}.Release|Any CPU.ActiveCfg = Release|Any CPU
		{EDF9FD4C-9357-453E-AE0C-35A43B9BEFB9}.Release|Any CPU.Build.0 = Release|Any CPU
		{EDF9FD4C-9357-453E-AE0C-35A43B9BEFB9}.Release|x64.ActiveCfg = Release|Any CPU
		{EDF9FD4C-9357-453E-AE0C-35A43B9BEFB9}.Release|x64.Build.0 = Release|Any CPU
		{EDF9FD4C-9357-453E-AE0C-35A43B9BEFB9}.Release|x86.ActiveCfg = Release|Any CPU
		{EDF9FD4C-9357-453E-AE0C-35A43B9BEFB9}.Release|x86.Build.0 = Release|Any CPU
		{4EDD2F7A-C896-9A2B-DFC6-62348FB93759}.Debug|Any CPU.ActiveCfg = Debug|Any CPU
		{4EDD2F7A-C896-9A2B-DFC6-62348FB93759}.Debug|Any CPU.Build.0 = Debug|Any CPU
		{4EDD2F7A-C896-9A2B-DFC6-62348FB93759}.Debug|Any CPU.Deploy.0 = Debug|Any CPU
		{4EDD2F7A-C896-9A2B-DFC6-62348FB93759}.Debug|x64.ActiveCfg = Debug|Any CPU
		{4EDD2F7A-C896-9A2B-DFC6-62348FB93759}.Debug|x64.Build.0 = Debug|Any CPU
		{4EDD2F7A-C896-9A2B-DFC6-62348FB93759}.Debug|x64.Deploy.0 = Debug|Any CPU
		{4EDD2F7A-C896-9A2B-DFC6-62348FB93759}.Debug|x86.ActiveCfg = Debug|Any CPU
		{4EDD2F7A-C896-9A2B-DFC6-62348FB93759}.Debug|x86.Build.0 = Debug|Any CPU
		{4EDD2F7A-C896-9A2B-DFC6-62348FB93759}.Debug|x86.Deploy.0 = Debug|Any CPU
		{4EDD2F7A-C896-9A2B-DFC6-62348FB93759}.Release|Any CPU.ActiveCfg = Release|Any CPU
		{4EDD2F7A-C896-9A2B-DFC6-62348FB93759}.Release|Any CPU.Build.0 = Release|Any CPU
		{4EDD2F7A-C896-9A2B-DFC6-62348FB93759}.Release|Any CPU.Deploy.0 = Release|Any CPU
		{4EDD2F7A-C896-9A2B-DFC6-62348FB93759}.Release|x64.ActiveCfg = Release|Any CPU
		{4EDD2F7A-C896-9A2B-DFC6-62348FB93759}.Release|x64.Build.0 = Release|Any CPU
		{4EDD2F7A-C896-9A2B-DFC6-62348FB93759}.Release|x64.Deploy.0 = Release|Any CPU
		{4EDD2F7A-C896-9A2B-DFC6-62348FB93759}.Release|x86.ActiveCfg = Release|Any CPU
		{4EDD2F7A-C896-9A2B-DFC6-62348FB93759}.Release|x86.Build.0 = Release|Any CPU
		{4EDD2F7A-C896-9A2B-DFC6-62348FB93759}.Release|x86.Deploy.0 = Release|Any CPU
		{C19B7CAB-34E3-420E-A3BB-6FD5FC654D43}.Debug|Any CPU.ActiveCfg = Debug|Any CPU
		{C19B7CAB-34E3-420E-A3BB-6FD5FC654D43}.Debug|Any CPU.Build.0 = Debug|Any CPU
		{C19B7CAB-34E3-420E-A3BB-6FD5FC654D43}.Debug|x64.ActiveCfg = Debug|Any CPU
		{C19B7CAB-34E3-420E-A3BB-6FD5FC654D43}.Debug|x64.Build.0 = Debug|Any CPU
		{C19B7CAB-34E3-420E-A3BB-6FD5FC654D43}.Debug|x86.ActiveCfg = Debug|Any CPU
		{C19B7CAB-34E3-420E-A3BB-6FD5FC654D43}.Debug|x86.Build.0 = Debug|Any CPU
		{C19B7CAB-34E3-420E-A3BB-6FD5FC654D43}.Release|Any CPU.ActiveCfg = Release|Any CPU
		{C19B7CAB-34E3-420E-A3BB-6FD5FC654D43}.Release|Any CPU.Build.0 = Release|Any CPU
		{C19B7CAB-34E3-420E-A3BB-6FD5FC654D43}.Release|x64.ActiveCfg = Release|Any CPU
		{C19B7CAB-34E3-420E-A3BB-6FD5FC654D43}.Release|x64.Build.0 = Release|Any CPU
		{C19B7CAB-34E3-420E-A3BB-6FD5FC654D43}.Release|x86.ActiveCfg = Release|Any CPU
		{C19B7CAB-34E3-420E-A3BB-6FD5FC654D43}.Release|x86.Build.0 = Release|Any CPU
		{99965F7D-AC3E-1C42-A6EC-A5233F2A29C6}.Debug|Any CPU.ActiveCfg = Debug|Any CPU
		{99965F7D-AC3E-1C42-A6EC-A5233F2A29C6}.Debug|Any CPU.Build.0 = Debug|Any CPU
		{99965F7D-AC3E-1C42-A6EC-A5233F2A29C6}.Debug|Any CPU.Deploy.0 = Debug|Any CPU
		{99965F7D-AC3E-1C42-A6EC-A5233F2A29C6}.Debug|x64.ActiveCfg = Debug|Any CPU
		{99965F7D-AC3E-1C42-A6EC-A5233F2A29C6}.Debug|x64.Build.0 = Debug|Any CPU
		{99965F7D-AC3E-1C42-A6EC-A5233F2A29C6}.Debug|x64.Deploy.0 = Debug|Any CPU
		{99965F7D-AC3E-1C42-A6EC-A5233F2A29C6}.Debug|x86.ActiveCfg = Debug|Any CPU
		{99965F7D-AC3E-1C42-A6EC-A5233F2A29C6}.Debug|x86.Build.0 = Debug|Any CPU
		{99965F7D-AC3E-1C42-A6EC-A5233F2A29C6}.Debug|x86.Deploy.0 = Debug|Any CPU
		{99965F7D-AC3E-1C42-A6EC-A5233F2A29C6}.Release|Any CPU.ActiveCfg = Release|Any CPU
		{99965F7D-AC3E-1C42-A6EC-A5233F2A29C6}.Release|Any CPU.Build.0 = Release|Any CPU
		{99965F7D-AC3E-1C42-A6EC-A5233F2A29C6}.Release|Any CPU.Deploy.0 = Release|Any CPU
		{99965F7D-AC3E-1C42-A6EC-A5233F2A29C6}.Release|x64.ActiveCfg = Release|Any CPU
		{99965F7D-AC3E-1C42-A6EC-A5233F2A29C6}.Release|x64.Build.0 = Release|Any CPU
		{99965F7D-AC3E-1C42-A6EC-A5233F2A29C6}.Release|x64.Deploy.0 = Release|Any CPU
		{99965F7D-AC3E-1C42-A6EC-A5233F2A29C6}.Release|x86.ActiveCfg = Release|Any CPU
		{99965F7D-AC3E-1C42-A6EC-A5233F2A29C6}.Release|x86.Build.0 = Release|Any CPU
		{99965F7D-AC3E-1C42-A6EC-A5233F2A29C6}.Release|x86.Deploy.0 = Release|Any CPU
		{1DBB725D-4041-4160-823D-15B3B0B54520}.Debug|Any CPU.ActiveCfg = Debug|Any CPU
		{1DBB725D-4041-4160-823D-15B3B0B54520}.Debug|Any CPU.Build.0 = Debug|Any CPU
		{1DBB725D-4041-4160-823D-15B3B0B54520}.Debug|x64.ActiveCfg = Debug|Any CPU
		{1DBB725D-4041-4160-823D-15B3B0B54520}.Debug|x64.Build.0 = Debug|Any CPU
		{1DBB725D-4041-4160-823D-15B3B0B54520}.Debug|x86.ActiveCfg = Debug|Any CPU
		{1DBB725D-4041-4160-823D-15B3B0B54520}.Debug|x86.Build.0 = Debug|Any CPU
		{1DBB725D-4041-4160-823D-15B3B0B54520}.Release|Any CPU.ActiveCfg = Release|Any CPU
		{1DBB725D-4041-4160-823D-15B3B0B54520}.Release|Any CPU.Build.0 = Release|Any CPU
		{1DBB725D-4041-4160-823D-15B3B0B54520}.Release|x64.ActiveCfg = Release|Any CPU
		{1DBB725D-4041-4160-823D-15B3B0B54520}.Release|x64.Build.0 = Release|Any CPU
		{1DBB725D-4041-4160-823D-15B3B0B54520}.Release|x86.ActiveCfg = Release|Any CPU
		{1DBB725D-4041-4160-823D-15B3B0B54520}.Release|x86.Build.0 = Release|Any CPU
		{4BFA616D-C5F4-0823-1ECC-631C42F43B1F}.Debug|Any CPU.ActiveCfg = Debug|Any CPU
		{4BFA616D-C5F4-0823-1ECC-631C42F43B1F}.Debug|Any CPU.Build.0 = Debug|Any CPU
		{4BFA616D-C5F4-0823-1ECC-631C42F43B1F}.Debug|x64.ActiveCfg = Debug|Any CPU
		{4BFA616D-C5F4-0823-1ECC-631C42F43B1F}.Debug|x64.Build.0 = Debug|Any CPU
		{4BFA616D-C5F4-0823-1ECC-631C42F43B1F}.Debug|x86.ActiveCfg = Debug|Any CPU
		{4BFA616D-C5F4-0823-1ECC-631C42F43B1F}.Debug|x86.Build.0 = Debug|Any CPU
		{4BFA616D-C5F4-0823-1ECC-631C42F43B1F}.Release|Any CPU.ActiveCfg = Release|Any CPU
		{4BFA616D-C5F4-0823-1ECC-631C42F43B1F}.Release|Any CPU.Build.0 = Release|Any CPU
		{4BFA616D-C5F4-0823-1ECC-631C42F43B1F}.Release|x64.ActiveCfg = Release|Any CPU
		{4BFA616D-C5F4-0823-1ECC-631C42F43B1F}.Release|x64.Build.0 = Release|Any CPU
		{4BFA616D-C5F4-0823-1ECC-631C42F43B1F}.Release|x86.ActiveCfg = Release|Any CPU
		{4BFA616D-C5F4-0823-1ECC-631C42F43B1F}.Release|x86.Build.0 = Release|Any CPU
		{069A52C7-0E93-4074-9070-55C7B0BC3E6E}.Debug|Any CPU.ActiveCfg = Debug|Any CPU
		{069A52C7-0E93-4074-9070-55C7B0BC3E6E}.Debug|Any CPU.Build.0 = Debug|Any CPU
		{069A52C7-0E93-4074-9070-55C7B0BC3E6E}.Debug|x64.ActiveCfg = Debug|Any CPU
		{069A52C7-0E93-4074-9070-55C7B0BC3E6E}.Debug|x64.Build.0 = Debug|Any CPU
		{069A52C7-0E93-4074-9070-55C7B0BC3E6E}.Debug|x86.ActiveCfg = Debug|Any CPU
		{069A52C7-0E93-4074-9070-55C7B0BC3E6E}.Debug|x86.Build.0 = Debug|Any CPU
		{069A52C7-0E93-4074-9070-55C7B0BC3E6E}.Release|Any CPU.ActiveCfg = Release|Any CPU
		{069A52C7-0E93-4074-9070-55C7B0BC3E6E}.Release|Any CPU.Build.0 = Release|Any CPU
		{069A52C7-0E93-4074-9070-55C7B0BC3E6E}.Release|x64.ActiveCfg = Release|Any CPU
		{069A52C7-0E93-4074-9070-55C7B0BC3E6E}.Release|x64.Build.0 = Release|Any CPU
		{069A52C7-0E93-4074-9070-55C7B0BC3E6E}.Release|x86.ActiveCfg = Release|Any CPU
		{069A52C7-0E93-4074-9070-55C7B0BC3E6E}.Release|x86.Build.0 = Release|Any CPU
		{F3FFF8E8-D8EA-4FA7-B70F-05C26A2DE9DC}.Debug|Any CPU.ActiveCfg = Debug|Any CPU
		{F3FFF8E8-D8EA-4FA7-B70F-05C26A2DE9DC}.Debug|Any CPU.Build.0 = Debug|Any CPU
		{F3FFF8E8-D8EA-4FA7-B70F-05C26A2DE9DC}.Debug|x64.ActiveCfg = Debug|Any CPU
		{F3FFF8E8-D8EA-4FA7-B70F-05C26A2DE9DC}.Debug|x64.Build.0 = Debug|Any CPU
		{F3FFF8E8-D8EA-4FA7-B70F-05C26A2DE9DC}.Debug|x86.ActiveCfg = Debug|Any CPU
		{F3FFF8E8-D8EA-4FA7-B70F-05C26A2DE9DC}.Debug|x86.Build.0 = Debug|Any CPU
		{F3FFF8E8-D8EA-4FA7-B70F-05C26A2DE9DC}.Release|Any CPU.ActiveCfg = Release|Any CPU
		{F3FFF8E8-D8EA-4FA7-B70F-05C26A2DE9DC}.Release|Any CPU.Build.0 = Release|Any CPU
		{F3FFF8E8-D8EA-4FA7-B70F-05C26A2DE9DC}.Release|x64.ActiveCfg = Release|Any CPU
		{F3FFF8E8-D8EA-4FA7-B70F-05C26A2DE9DC}.Release|x64.Build.0 = Release|Any CPU
		{F3FFF8E8-D8EA-4FA7-B70F-05C26A2DE9DC}.Release|x86.ActiveCfg = Release|Any CPU
		{F3FFF8E8-D8EA-4FA7-B70F-05C26A2DE9DC}.Release|x86.Build.0 = Release|Any CPU
		{C79CB988-F8F8-4F23-93A7-C8AC5CA01CCE}.Debug|Any CPU.ActiveCfg = Debug|Any CPU
		{C79CB988-F8F8-4F23-93A7-C8AC5CA01CCE}.Debug|Any CPU.Build.0 = Debug|Any CPU
		{C79CB988-F8F8-4F23-93A7-C8AC5CA01CCE}.Debug|x64.ActiveCfg = Debug|Any CPU
		{C79CB988-F8F8-4F23-93A7-C8AC5CA01CCE}.Debug|x64.Build.0 = Debug|Any CPU
		{C79CB988-F8F8-4F23-93A7-C8AC5CA01CCE}.Debug|x86.ActiveCfg = Debug|Any CPU
		{C79CB988-F8F8-4F23-93A7-C8AC5CA01CCE}.Debug|x86.Build.0 = Debug|Any CPU
		{C79CB988-F8F8-4F23-93A7-C8AC5CA01CCE}.Release|Any CPU.ActiveCfg = Release|Any CPU
		{C79CB988-F8F8-4F23-93A7-C8AC5CA01CCE}.Release|Any CPU.Build.0 = Release|Any CPU
		{C79CB988-F8F8-4F23-93A7-C8AC5CA01CCE}.Release|x64.ActiveCfg = Release|Any CPU
		{C79CB988-F8F8-4F23-93A7-C8AC5CA01CCE}.Release|x64.Build.0 = Release|Any CPU
		{C79CB988-F8F8-4F23-93A7-C8AC5CA01CCE}.Release|x86.ActiveCfg = Release|Any CPU
		{C79CB988-F8F8-4F23-93A7-C8AC5CA01CCE}.Release|x86.Build.0 = Release|Any CPU
	EndGlobalSection
	GlobalSection(SolutionProperties) = preSolution
		HideSolutionNode = FALSE
	EndGlobalSection
	GlobalSection(ExtensibilityGlobals) = postSolution
		SolutionGuid = {0C093219-A423-4CA9-AFB3-3CD60311FA83}
	EndGlobalSection
EndGlobal
